
Microsoft Visual Studio Solution File, Format Version 12.00
# Visual Studio Version 16
VisualStudioVersion = 16.0.30011.22
MinimumVisualStudioVersion = 10.0.40219.1
Project("{9A19103F-16F7-4668-BE54-9A1E7A4F7556}") = "ZoneServer", "ZoneServer\ZoneServer.csproj", "{EFCE9A97-232E-45B7-BC18-1D341B3E1CE6}"
EndProject
Global
	GlobalSection(SolutionConfigurationPlatforms) = preSolution
		Debug|Any CPU = Debug|Any CPU
		Developer|Any CPU = Developer|Any CPU
		Release|Any CPU = Release|Any CPU
	EndGlobalSection
	GlobalSection(ProjectConfigurationPlatforms) = postSolution
		{EFCE9A97-232E-45B7-BC18-1D341B3E1CE6}.Debug|Any CPU.ActiveCfg = Debug|Any CPU
		{EFCE9A97-232E-45B7-BC18-1D341B3E1CE6}.Debug|Any CPU.Build.0 = Debug|Any CPU
		{EFCE9A97-232E-45B7-BC18-1D341B3E1CE6}.Developer|Any CPU.ActiveCfg = Developer|Any CPU
		{EFCE9A97-232E-45B7-BC18-1D341B3E1CE6}.Developer|Any CPU.Build.0 = Developer|Any CPU
		{EFCE9A97-232E-45B7-BC18-1D341B3E1CE6}.Release|Any CPU.ActiveCfg = Release|Any CPU
		{EFCE9A97-232E-45B7-BC18-1D341B3E1CE6}.Release|Any CPU.Build.0 = Release|Any CPU
	EndGlobalSection
	GlobalSection(SolutionProperties) = preSolution
		HideSolutionNode = FALSE
	EndGlobalSection
	GlobalSection(ExtensibilityGlobals) = postSolution
		SolutionGuid = {AB5997E9-7778-4BDA-871B-4B7D38962CF8}
	EndGlobalSection
EndGlobal
